
Microsoft Visual Studio Solution File, Format Version 12.00
# Visual Studio Version 16
VisualStudioVersion = 25.0.1706.14
MinimumVisualStudioVersion = 10.0.40219.1
Project("{FAE04EC0-301F-11D3-BF4B-00C04F79EFBC}") = "eTickets", "eTickets\eTickets.csproj", "{0178D22A-FE34-4E39-A3DA-527599D0519D}"
EndProject
Global
	GlobalSection(SolutionConfigurationPlatforms) = preSolution
		Debug|Any CPU = Debug|Any CPU
		Release|Any CPU = Release|Any CPU
	EndGlobalSection
	GlobalSection(ProjectConfigurationPlatforms) = postSolution
		{0178D22A-FE34-4E39-A3DA-527599D0519D}.Debug|Any CPU.ActiveCfg = Debug|Any CPU
		{0178D22A-FE34-4E39-A3DA-527599D0519D}.Debug|Any CPU.Build.0 = Debug|Any CPU
		{0178D22A-FE34-4E39-A3DA-527599D0519D}.Release|Any CPU.ActiveCfg = Release|Any CPU
		{0178D22A-FE34-4E39-A3DA-527599D0519D}.Release|Any CPU.Build.0 = Release|Any CPU
	EndGlobalSection
	GlobalSection(SolutionProperties) = preSolution
		HideSolutionNode = FALSE
	EndGlobalSection
	GlobalSection(ExtensibilityGlobals) = postSolution
		SolutionGuid = {C243F6D0-50F1-493F-8B7A-27206BF18AAD}
	EndGlobalSection
EndGlobal
